
Microsoft Visual Studio Solution File, Format Version 12.00
# Visual Studio Version 16
VisualStudioVersion = 16.0.29409.12
MinimumVisualStudioVersion = 10.0.40219.1
Project("{FAE04EC0-301F-11D3-BF4B-00C04F79EFBC}") = "ЛБ №5.1.1", "ЛБ №5.1.1\ЛБ №5.1.1.csproj", "{0D1840A8-6634-486F-95D1-F9AE2E36FAB2}"
EndProject
Global
	GlobalSection(SolutionConfigurationPlatforms) = preSolution
		Debug|Any CPU = Debug|Any CPU
		Release|Any CPU = Release|Any CPU
	EndGlobalSection
	GlobalSection(ProjectConfigurationPlatforms) = postSolution
		{0D1840A8-6634-486F-95D1-F9AE2E36FAB2}.Debug|Any CPU.ActiveCfg = Debug|Any CPU
		{0D1840A8-6634-486F-95D1-F9AE2E36FAB2}.Debug|Any CPU.Build.0 = Debug|Any CPU
		{0D1840A8-6634-486F-95D1-F9AE2E36FAB2}.Release|Any CPU.ActiveCfg = Release|Any CPU
		{0D1840A8-6634-486F-95D1-F9AE2E36FAB2}.Release|Any CPU.Build.0 = Release|Any CPU
	EndGlobalSection
	GlobalSection(SolutionProperties) = preSolution
		HideSolutionNode = FALSE
	EndGlobalSection
	GlobalSection(ExtensibilityGlobals) = postSolution
		SolutionGuid = {BE77EDA2-7682-4EE4-9EB6-B78DED6B0BBF}
	EndGlobalSection
EndGlobal
