
Microsoft Visual Studio Solution File, Format Version 12.00
# Visual Studio Version 16
VisualStudioVersion = 16.0.32929.386
MinimumVisualStudioVersion = 10.0.40219.1
Project("{FAE04EC0-301F-11D3-BF4B-00C04F79EFBC}") = "Декоратор_Компановщик_Фасад", "Декоратор_Компановщик_Фасад\Декоратор_Компановщик_Фасад.csproj", "{EEDFAE0C-02C2-488F-8840-B09A14D891E9}"
EndProject
Global
	GlobalSection(SolutionConfigurationPlatforms) = preSolution
		Debug|Any CPU = Debug|Any CPU
		Release|Any CPU = Release|Any CPU
	EndGlobalSection
	GlobalSection(ProjectConfigurationPlatforms) = postSolution
		{EEDFAE0C-02C2-488F-8840-B09A14D891E9}.Debug|Any CPU.ActiveCfg = Debug|Any CPU
		{EEDFAE0C-02C2-488F-8840-B09A14D891E9}.Debug|Any CPU.Build.0 = Debug|Any CPU
		{EEDFAE0C-02C2-488F-8840-B09A14D891E9}.Release|Any CPU.ActiveCfg = Release|Any CPU
		{EEDFAE0C-02C2-488F-8840-B09A14D891E9}.Release|Any CPU.Build.0 = Release|Any CPU
	EndGlobalSection
	GlobalSection(SolutionProperties) = preSolution
		HideSolutionNode = FALSE
	EndGlobalSection
	GlobalSection(ExtensibilityGlobals) = postSolution
		SolutionGuid = {C8C70D4E-4EF4-486F-8F48-AAE8E713B0C1}
	EndGlobalSection
EndGlobal
