
Microsoft Visual Studio Solution File, Format Version 12.00
# Visual Studio Version 16
VisualStudioVersion = 16.0.29409.12
MinimumVisualStudioVersion = 10.0.40219.1
Project("{FAE04EC0-301F-11D3-BF4B-00C04F79EFBC}") = "ЛБ №6.2", "ЛБ №6.2\ЛБ №6.2.csproj", "{1D9B6CAC-5AE4-47BB-846D-62E302F16960}"
EndProject
Global
	GlobalSection(SolutionConfigurationPlatforms) = preSolution
		Debug|Any CPU = Debug|Any CPU
		Release|Any CPU = Release|Any CPU
	EndGlobalSection
	GlobalSection(ProjectConfigurationPlatforms) = postSolution
		{1D9B6CAC-5AE4-47BB-846D-62E302F16960}.Debug|Any CPU.ActiveCfg = Debug|Any CPU
		{1D9B6CAC-5AE4-47BB-846D-62E302F16960}.Debug|Any CPU.Build.0 = Debug|Any CPU
		{1D9B6CAC-5AE4-47BB-846D-62E302F16960}.Release|Any CPU.ActiveCfg = Release|Any CPU
		{1D9B6CAC-5AE4-47BB-846D-62E302F16960}.Release|Any CPU.Build.0 = Release|Any CPU
	EndGlobalSection
	GlobalSection(SolutionProperties) = preSolution
		HideSolutionNode = FALSE
	EndGlobalSection
	GlobalSection(ExtensibilityGlobals) = postSolution
		SolutionGuid = {8EA5777B-108D-417E-BA2D-339D65CC0040}
	EndGlobalSection
EndGlobal
